
Microsoft Visual Studio Solution File, Format Version 12.00
# Visual Studio Version 17
VisualStudioVersion = 17.12.35527.113
MinimumVisualStudioVersion = 10.0.40219.1
Project("{FAE04EC0-301F-11D3-BF4B-00C04F79EFBC}") = "Polaris.UI", "Polaris.UI\Polaris.UI.csproj", "{C79E52E6-FDE6-4043-AE26-00679379A2F9}"
EndProject
Project("{FAE04EC0-301F-11D3-BF4B-00C04F79EFBC}") = "Polaris.Core", "Polaris.Core\Polaris.Core.csproj", "{4E1409E4-F2E4-4F19-9833-63EEA7C203BA}"
EndProject
Project("{FAE04EC0-301F-11D3-BF4B-00C04F79EFBC}") = "Polaris.Pdf", "Polaris.Pdf\Polaris.Pdf.csproj", "{A3B11A33-F91C-4E60-9045-9C0C9EC36D71}"
EndProject
Global
	GlobalSection(SolutionConfigurationPlatforms) = preSolution
		Debug|Any CPU = Debug|Any CPU
		Debug|x64 = Debug|x64
		Release|Any CPU = Release|Any CPU
		Release|x64 = Release|x64
	EndGlobalSection
	GlobalSection(ProjectConfigurationPlatforms) = postSolution
		{C79E52E6-FDE6-4043-AE26-00679379A2F9}.Debug|Any CPU.ActiveCfg = Debug|Any CPU
		{C79E52E6-FDE6-4043-AE26-00679379A2F9}.Debug|Any CPU.Build.0 = Debug|Any CPU
		{C79E52E6-FDE6-4043-AE26-00679379A2F9}.Debug|x64.ActiveCfg = Debug|x64
		{C79E52E6-FDE6-4043-AE26-00679379A2F9}.Debug|x64.Build.0 = Debug|x64
		{C79E52E6-FDE6-4043-AE26-00679379A2F9}.Release|Any CPU.ActiveCfg = Release|Any CPU
		{C79E52E6-FDE6-4043-AE26-00679379A2F9}.Release|Any CPU.Build.0 = Release|Any CPU
		{C79E52E6-FDE6-4043-AE26-00679379A2F9}.Release|x64.ActiveCfg = Release|x64
		{C79E52E6-FDE6-4043-AE26-00679379A2F9}.Release|x64.Build.0 = Release|x64
		{4E1409E4-F2E4-4F19-9833-63EEA7C203BA}.Debug|Any CPU.ActiveCfg = Debug|Any CPU
		{4E1409E4-F2E4-4F19-9833-63EEA7C203BA}.Debug|Any CPU.Build.0 = Debug|Any CPU
		{4E1409E4-F2E4-4F19-9833-63EEA7C203BA}.Debug|x64.ActiveCfg = Debug|Any CPU
		{4E1409E4-F2E4-4F19-9833-63EEA7C203BA}.Debug|x64.Build.0 = Debug|Any CPU
		{4E1409E4-F2E4-4F19-9833-63EEA7C203BA}.Release|Any CPU.ActiveCfg = Release|Any CPU
		{4E1409E4-F2E4-4F19-9833-63EEA7C203BA}.Release|Any CPU.Build.0 = Release|Any CPU
		{4E1409E4-F2E4-4F19-9833-63EEA7C203BA}.Release|x64.ActiveCfg = Release|Any CPU
		{4E1409E4-F2E4-4F19-9833-63EEA7C203BA}.Release|x64.Build.0 = Release|Any CPU
		{A3B11A33-F91C-4E60-9045-9C0C9EC36D71}.Debug|Any CPU.ActiveCfg = Debug|Any CPU
		{A3B11A33-F91C-4E60-9045-9C0C9EC36D71}.Debug|Any CPU.Build.0 = Debug|Any CPU
		{A3B11A33-F91C-4E60-9045-9C0C9EC36D71}.Debug|x64.ActiveCfg = Debug|Any CPU
		{A3B11A33-F91C-4E60-9045-9C0C9EC36D71}.Debug|x64.Build.0 = Debug|Any CPU
		{A3B11A33-F91C-4E60-9045-9C0C9EC36D71}.Release|Any CPU.ActiveCfg = Release|Any CPU
		{A3B11A33-F91C-4E60-9045-9C0C9EC36D71}.Release|Any CPU.Build.0 = Release|Any CPU
		{A3B11A33-F91C-4E60-9045-9C0C9EC36D71}.Release|x64.ActiveCfg = Release|Any CPU
		{A3B11A33-F91C-4E60-9045-9C0C9EC36D71}.Release|x64.Build.0 = Release|Any CPU
	EndGlobalSection
	GlobalSection(SolutionProperties) = preSolution
		HideSolutionNode = FALSE
	EndGlobalSection
EndGlobal
